
Microsoft Visual Studio Solution File, Format Version 12.00
# Visual Studio Version 17
VisualStudioVersion = 17.2.32630.192
MinimumVisualStudioVersion = 10.0.40219.1
Project("{FAE04EC0-301F-11D3-BF4B-00C04F79EFBC}") = "Calculator", "Calculator\Calculator.csproj", "{FD14B7FB-3F4A-4978-BCF7-1223FC8D5113}"
EndProject
Project("{FAE04EC0-301F-11D3-BF4B-00C04F79EFBC}") = "CalculatorTests", "CalculatorTests\CalculatorTests.csproj", "{7DEDEBC8-F5E8-4FB7-A726-049DCFC4B36E}"
EndProject
Global
	GlobalSection(SolutionConfigurationPlatforms) = preSolution
		Debug|Any CPU = Debug|Any CPU
		Release|Any CPU = Release|Any CPU
	EndGlobalSection
	GlobalSection(ProjectConfigurationPlatforms) = postSolution
		{FD14B7FB-3F4A-4978-BCF7-1223FC8D5113}.Debug|Any CPU.ActiveCfg = Debug|Any CPU
		{FD14B7FB-3F4A-4978-BCF7-1223FC8D5113}.Debug|Any CPU.Build.0 = Debug|Any CPU
		{FD14B7FB-3F4A-4978-BCF7-1223FC8D5113}.Release|Any CPU.ActiveCfg = Release|Any CPU
		{FD14B7FB-3F4A-4978-BCF7-1223FC8D5113}.Release|Any CPU.Build.0 = Release|Any CPU
		{7DEDEBC8-F5E8-4FB7-A726-049DCFC4B36E}.Debug|Any CPU.ActiveCfg = Debug|Any CPU
		{7DEDEBC8-F5E8-4FB7-A726-049DCFC4B36E}.Debug|Any CPU.Build.0 = Debug|Any CPU
		{7DEDEBC8-F5E8-4FB7-A726-049DCFC4B36E}.Release|Any CPU.ActiveCfg = Release|Any CPU
		{7DEDEBC8-F5E8-4FB7-A726-049DCFC4B36E}.Release|Any CPU.Build.0 = Release|Any CPU
	EndGlobalSection
	GlobalSection(SolutionProperties) = preSolution
		HideSolutionNode = FALSE
	EndGlobalSection
	GlobalSection(ExtensibilityGlobals) = postSolution
		SolutionGuid = {1F69DB1D-517D-44AF-8998-297607816241}
	EndGlobalSection
EndGlobal
